
Microsoft Visual Studio Solution File, Format Version 12.00
# Visual Studio Version 17
VisualStudioVersion = 17.4.33213.308
MinimumVisualStudioVersion = 10.0.40219.1
Project("{FAE04EC0-301F-11D3-BF4B-00C04F79EFBC}") = "ConsoleApp5", "ConsoleApp5\ConsoleApp5.csproj", "{FF7CAE75-07BC-44E8-80FC-49FD6D3F0A79}"
EndProject
Project("{FAE04EC0-301F-11D3-BF4B-00C04F79EFBC}") = "4.2", "4.2\4.2.csproj", "{4558591B-5090-48B8-A7EE-1218DD2697B8}"
EndProject
Project("{FAE04EC0-301F-11D3-BF4B-00C04F79EFBC}") = "4.3", "4.3\4.3.csproj", "{280C8D2E-3EDF-4983-A9E5-A3CA535AA32F}"
EndProject
Global
	GlobalSection(SolutionConfigurationPlatforms) = preSolution
		Debug|Any CPU = Debug|Any CPU
		Release|Any CPU = Release|Any CPU
	EndGlobalSection
	GlobalSection(ProjectConfigurationPlatforms) = postSolution
		{FF7CAE75-07BC-44E8-80FC-49FD6D3F0A79}.Debug|Any CPU.ActiveCfg = Debug|Any CPU
		{FF7CAE75-07BC-44E8-80FC-49FD6D3F0A79}.Debug|Any CPU.Build.0 = Debug|Any CPU
		{FF7CAE75-07BC-44E8-80FC-49FD6D3F0A79}.Release|Any CPU.ActiveCfg = Release|Any CPU
		{FF7CAE75-07BC-44E8-80FC-49FD6D3F0A79}.Release|Any CPU.Build.0 = Release|Any CPU
		{4558591B-5090-48B8-A7EE-1218DD2697B8}.Debug|Any CPU.ActiveCfg = Debug|Any CPU
		{4558591B-5090-48B8-A7EE-1218DD2697B8}.Debug|Any CPU.Build.0 = Debug|Any CPU
		{4558591B-5090-48B8-A7EE-1218DD2697B8}.Release|Any CPU.ActiveCfg = Release|Any CPU
		{4558591B-5090-48B8-A7EE-1218DD2697B8}.Release|Any CPU.Build.0 = Release|Any CPU
		{280C8D2E-3EDF-4983-A9E5-A3CA535AA32F}.Debug|Any CPU.ActiveCfg = Debug|Any CPU
		{280C8D2E-3EDF-4983-A9E5-A3CA535AA32F}.Debug|Any CPU.Build.0 = Debug|Any CPU
		{280C8D2E-3EDF-4983-A9E5-A3CA535AA32F}.Release|Any CPU.ActiveCfg = Release|Any CPU
		{280C8D2E-3EDF-4983-A9E5-A3CA535AA32F}.Release|Any CPU.Build.0 = Release|Any CPU
	EndGlobalSection
	GlobalSection(SolutionProperties) = preSolution
		HideSolutionNode = FALSE
	EndGlobalSection
	GlobalSection(ExtensibilityGlobals) = postSolution
		SolutionGuid = {C0CA5023-1BCF-4CB4-A8CD-A205CB19437D}
	EndGlobalSection
EndGlobal
